
Microsoft Visual Studio Solution File, Format Version 12.00
# Visual Studio Version 16
VisualStudioVersion = 16.0.31702.278
MinimumVisualStudioVersion = 10.0.40219.1
Project("{9A19103F-16F7-4668-BE54-9A1E7A4F7556}") = "SpecFlowProject1", "SpecFlowProject1.csproj", "{0F970440-EE77-4CE2-B150-463035365B78}"
EndProject
Project("{9A19103F-16F7-4668-BE54-9A1E7A4F7556}") = "SeleniumDriver", "..\SeleniumDriver\SeleniumDriver.csproj", "{E0347C2E-6465-4861-89F9-6D8CFB78107C}"
EndProject
Project("{9A19103F-16F7-4668-BE54-9A1E7A4F7556}") = "SpecFlowCalculator", "..\SpecFlowCalculator\SpecFlowCalculator.csproj", "{EF42575B-9A17-4548-8CF2-822BB793CEAF}"
EndProject
Project("{FAE04EC0-301F-11D3-BF4B-00C04F79EFBC}") = "SeleniumTestRunner", "..\SeleniumTestRunner\SeleniumTestRunner.csproj", "{A73F773B-A8F7-498B-AB60-2D77D093F417}"
EndProject
Global
	GlobalSection(SolutionConfigurationPlatforms) = preSolution
		Debug|Any CPU = Debug|Any CPU
		Release|Any CPU = Release|Any CPU
	EndGlobalSection
	GlobalSection(ProjectConfigurationPlatforms) = postSolution
		{0F970440-EE77-4CE2-B150-463035365B78}.Debug|Any CPU.ActiveCfg = Debug|Any CPU
		{0F970440-EE77-4CE2-B150-463035365B78}.Debug|Any CPU.Build.0 = Debug|Any CPU
		{0F970440-EE77-4CE2-B150-463035365B78}.Release|Any CPU.ActiveCfg = Release|Any CPU
		{0F970440-EE77-4CE2-B150-463035365B78}.Release|Any CPU.Build.0 = Release|Any CPU
		{E0347C2E-6465-4861-89F9-6D8CFB78107C}.Debug|Any CPU.ActiveCfg = Debug|Any CPU
		{E0347C2E-6465-4861-89F9-6D8CFB78107C}.Debug|Any CPU.Build.0 = Debug|Any CPU
		{E0347C2E-6465-4861-89F9-6D8CFB78107C}.Release|Any CPU.ActiveCfg = Release|Any CPU
		{E0347C2E-6465-4861-89F9-6D8CFB78107C}.Release|Any CPU.Build.0 = Release|Any CPU
		{EF42575B-9A17-4548-8CF2-822BB793CEAF}.Debug|Any CPU.ActiveCfg = Debug|Any CPU
		{EF42575B-9A17-4548-8CF2-822BB793CEAF}.Debug|Any CPU.Build.0 = Debug|Any CPU
		{EF42575B-9A17-4548-8CF2-822BB793CEAF}.Release|Any CPU.ActiveCfg = Release|Any CPU
		{EF42575B-9A17-4548-8CF2-822BB793CEAF}.Release|Any CPU.Build.0 = Release|Any CPU
		{A73F773B-A8F7-498B-AB60-2D77D093F417}.Debug|Any CPU.ActiveCfg = Debug|Any CPU
		{A73F773B-A8F7-498B-AB60-2D77D093F417}.Debug|Any CPU.Build.0 = Debug|Any CPU
		{A73F773B-A8F7-498B-AB60-2D77D093F417}.Release|Any CPU.ActiveCfg = Release|Any CPU
		{A73F773B-A8F7-498B-AB60-2D77D093F417}.Release|Any CPU.Build.0 = Release|Any CPU
	EndGlobalSection
	GlobalSection(SolutionProperties) = preSolution
		HideSolutionNode = FALSE
	EndGlobalSection
	GlobalSection(ExtensibilityGlobals) = postSolution
		SolutionGuid = {DB545629-B98A-4646-9330-214D604AEBEF}
	EndGlobalSection
EndGlobal
